
Microsoft Visual Studio Solution File, Format Version 12.00
# Visual Studio Version 17
VisualStudioVersion = 17.11.35312.102
MinimumVisualStudioVersion = 10.0.40219.1
Project("{FAE04EC0-301F-11D3-BF4B-00C04F79EFBC}") = "MainStokApp", "MainStokApp\MainStokApp.csproj", "{8BB2C9FE-F1B8-4A86-B54A-37A3590FAF2E}"
EndProject
Global
	GlobalSection(SolutionConfigurationPlatforms) = preSolution
		Debug|Any CPU = Debug|Any CPU
		Release|Any CPU = Release|Any CPU
	EndGlobalSection
	GlobalSection(ProjectConfigurationPlatforms) = postSolution
		{8BB2C9FE-F1B8-4A86-B54A-37A3590FAF2E}.Debug|Any CPU.ActiveCfg = Debug|Any CPU
		{8BB2C9FE-F1B8-4A86-B54A-37A3590FAF2E}.Debug|Any CPU.Build.0 = Debug|Any CPU
		{8BB2C9FE-F1B8-4A86-B54A-37A3590FAF2E}.Release|Any CPU.ActiveCfg = Release|Any CPU
		{8BB2C9FE-F1B8-4A86-B54A-37A3590FAF2E}.Release|Any CPU.Build.0 = Release|Any CPU
	EndGlobalSection
	GlobalSection(SolutionProperties) = preSolution
		HideSolutionNode = FALSE
	EndGlobalSection
	GlobalSection(ExtensibilityGlobals) = postSolution
		SolutionGuid = {F9347B59-7E4A-4D4A-ACE0-8CAA5B2DBE92}
	EndGlobalSection
EndGlobal
